
Microsoft Visual Studio Solution File, Format Version 12.00
# Visual Studio Version 17
VisualStudioVersion = 17.2.32519.379
MinimumVisualStudioVersion = 10.0.40219.1
Project("{FAE04EC0-301F-11D3-BF4B-00C04F79EFBC}") = "calculatorappjune", "calculatorappjune\calculatorappjune.csproj", "{20ABC17E-2AB1-4895-8128-2A5CCF1CFF4A}"
EndProject
Global
	GlobalSection(SolutionConfigurationPlatforms) = preSolution
		Debug|Any CPU = Debug|Any CPU
		Release|Any CPU = Release|Any CPU
	EndGlobalSection
	GlobalSection(ProjectConfigurationPlatforms) = postSolution
		{20ABC17E-2AB1-4895-8128-2A5CCF1CFF4A}.Debug|Any CPU.ActiveCfg = Debug|Any CPU
		{20ABC17E-2AB1-4895-8128-2A5CCF1CFF4A}.Debug|Any CPU.Build.0 = Debug|Any CPU
		{20ABC17E-2AB1-4895-8128-2A5CCF1CFF4A}.Release|Any CPU.ActiveCfg = Release|Any CPU
		{20ABC17E-2AB1-4895-8128-2A5CCF1CFF4A}.Release|Any CPU.Build.0 = Release|Any CPU
	EndGlobalSection
	GlobalSection(SolutionProperties) = preSolution
		HideSolutionNode = FALSE
	EndGlobalSection
	GlobalSection(ExtensibilityGlobals) = postSolution
		SolutionGuid = {407F5C5D-FAE4-481D-8186-FB2810170F60}
	EndGlobalSection
EndGlobal
